// !$*UTF8*$!
{
	archiveVersion = 1;
	classes = {
	};
	objectVersion = 53;
	objects = {

/* Begin PBXBuildFile section */
		820546BB286B1ED200C38B18 /* AppDelegate.swift in Sources */ = {isa = PBXBuildFile; fileRef = 820546BA286B1ED200C38B18 /* AppDelegate.swift */; };
		820546C2286B1ED200C38B18 /* Main.storyboard in Resources */ = {isa = PBXBuildFile; fileRef = 820546C0286B1ED200C38B18 /* Main.storyboard */; };
		820546C4286B1ED300C38B18 /* Assets.xcassets in Resources */ = {isa = PBXBuildFile; fileRef = 820546C3286B1ED300C38B18 /* Assets.xcassets */; };
		820546C7286B1ED300C38B18 /* LaunchScreen.storyboard in Resources */ = {isa = PBXBuildFile; fileRef = 820546C5286B1ED300C38B18 /* LaunchScreen.storyboard */; };
		82301D29286B812C0018E9F6 /* GameViewController.swift in Sources */ = {isa = PBXBuildFile; fileRef = 82301D28286B812C0018E9F6 /* GameViewController.swift */; };
		82301D2B286B882F0018E9F6 /* Game.swift in Sources */ = {isa = PBXBuildFile; fileRef = 82301D2A286B882F0018E9F6 /* Game.swift */; };
		82D658912877441500814999 /* SelectTimeViewController.swift in Sources */ = {isa = PBXBuildFile; fileRef = 82D658902877441500814999 /* SelectTimeViewController.swift */; };
		82D658952877634600814999 /* SettingsTableViewController.swift in Sources */ = {isa = PBXBuildFile; fileRef = 82D658942877634600814999 /* SettingsTableViewController.swift */; };
		82D6589728776F6F00814999 /* Settings.swift in Sources */ = {isa = PBXBuildFile; fileRef = 82D6589628776F6F00814999 /* Settings.swift */; };
		82D658992887B41700814999 /* RecordViewController.swift in Sources */ = {isa = PBXBuildFile; fileRef = 82D658982887B41700814999 /* RecordViewController.swift */; };
/* End PBXBuildFile section */

/* Begin PBXFileReference section */
		820546B7286B1ED200C38B18 /* FindNumbers.app */ = {isa = PBXFileReference; explicitFileType = wrapper.application; includeInIndex = 0; path = FindNumbers.app; sourceTree = BUILT_PRODUCTS_DIR; };
		820546BA286B1ED200C38B18 /* AppDelegate.swift */ = {isa = PBXFileReference; lastKnownFileType = sourcecode.swift; path = AppDelegate.swift; sourceTree = "<group>"; };
		820546C1286B1ED200C38B18 /* Base */ = {isa = PBXFileReference; lastKnownFileType = file.storyboard; name = Base; path = Base.lproj/Main.storyboard; sourceTree = "<group>"; };
		820546C3286B1ED300C38B18 /* Assets.xcassets */ = {isa = PBXFileReference; lastKnownFileType = folder.assetcatalog; path = Assets.xcassets; sourceTree = "<group>"; };
		820546C6286B1ED300C38B18 /* Base */ = {isa = PBXFileReference; lastKnownFileType = file.storyboard; name = Base; path = Base.lproj/LaunchScreen.storyboard; sourceTree = "<group>"; };
		820546C8286B1ED300C38B18 /* Info.plist */ = {isa = PBXFileReference; lastKnownFileType = text.plist.xml; path = Info.plist; sourceTree = "<group>"; };
		82301D28286B812C0018E9F6 /* GameViewController.swift */ = {isa = PBXFileReference; lastKnownFileType = sourcecode.swift; path = GameViewController.swift; sourceTree = "<group>"; };
		82301D2A286B882F0018E9F6 /* Game.swift */ = {isa = PBXFileReference; lastKnownFileType = sourcecode.swift; path = Game.swift; sourceTree = "<group>"; };
		82D658902877441500814999 /* SelectTimeViewController.swift */ = {isa = PBXFileReference; lastKnownFileType = sourcecode.swift; path = SelectTimeViewController.swift; sourceTree = "<group>"; };
		82D658942877634600814999 /* SettingsTableViewController.swift */ = {isa = PBXFileReference; lastKnownFileType = sourcecode.swift; path = SettingsTableViewController.swift; sourceTree = "<group>"; };
		82D6589628776F6F00814999 /* Settings.swift */ = {isa = PBXFileReference; lastKnownFileType = sourcecode.swift; path = Settings.swift; sourceTree = "<group>"; };
		82D658982887B41700814999 /* RecordViewController.swift */ = {isa = PBXFileReference; lastKnownFileType = sourcecode.swift; path = RecordViewController.swift; sourceTree = "<group>"; };
/* End PBXFileReference section */

/* Begin PBXFrameworksBuildPhase section */
		820546B4286B1ED200C38B18 /* Frameworks */ = {
			isa = PBXFrameworksBuildPhase;
			buildActionMask = 2147483647;
			files = (
			);
			runOnlyForDeploymentPostprocessing = 0;
		};
/* End PBXFrameworksBuildPhase section */

/* Begin PBXGroup section */
		820546AE286B1ED200C38B18 = {
			isa = PBXGroup;
			children = (
				820546B9286B1ED200C38B18 /* FindNumbers */,
				820546B8286B1ED200C38B18 /* Products */,
			);
			sourceTree = "<group>";
		};
		820546B8286B1ED200C38B18 /* Products */ = {
			isa = PBXGroup;
			children = (
				820546B7286B1ED200C38B18 /* FindNumbers.app */,
			);
			name = Products;
			sourceTree = "<group>";
		};
		820546B9286B1ED200C38B18 /* FindNumbers */ = {
			isa = PBXGroup;
			children = (
				82301D2A286B882F0018E9F6 /* Game.swift */,
				820546BA286B1ED200C38B18 /* AppDelegate.swift */,
				82301D28286B812C0018E9F6 /* GameViewController.swift */,
				820546C0286B1ED200C38B18 /* Main.storyboard */,
				820546C3286B1ED300C38B18 /* Assets.xcassets */,
				820546C5286B1ED300C38B18 /* LaunchScreen.storyboard */,
				820546C8286B1ED300C38B18 /* Info.plist */,
				82D658902877441500814999 /* SelectTimeViewController.swift */,
				82D658942877634600814999 /* SettingsTableViewController.swift */,
				82D6589628776F6F00814999 /* Settings.swift */,
				82D658982887B41700814999 /* RecordViewController.swift */,
			);
			path = FindNumbers;
			sourceTree = "<group>";
		};
/* End PBXGroup section */

/* Begin PBXNativeTarget section */
		820546B6286B1ED200C38B18 /* FindNumbers */ = {
			isa = PBXNativeTarget;
			buildConfigurationList = 820546CB286B1ED300C38B18 /* Build configuration list for PBXNativeTarget "FindNumbers" */;
			buildPhases = (
				820546B3286B1ED200C38B18 /* Sources */,
				820546B4286B1ED200C38B18 /* Frameworks */,
				820546B5286B1ED200C38B18 /* Resources */,
			);
			buildRules = (
			);
			dependencies = (
			);
			name = FindNumbers;
			productName = FindNumbers;
			productReference = 820546B7286B1ED200C38B18 /* FindNumbers.app */;
			productType = "com.apple.product-type.application";
		};
/* End PBXNativeTarget section */

/* Begin PBXProject section */
		820546AF286B1ED200C38B18 /* Project object */ = {
			isa = PBXProject;
			attributes = {
				BuildIndependentTargetsInParallel = 1;
				LastSwiftUpdateCheck = 1340;
				LastUpgradeCheck = 1340;
				TargetAttributes = {
					820546B6286B1ED200C38B18 = {
						CreatedOnToolsVersion = 13.4.1;
					};
				};
			};
			buildConfigurationList = 820546B2286B1ED200C38B18 /* Build configuration list for PBXProject "FindNumbers" */;
			compatibilityVersion = "Xcode 9.3";
			developmentRegion = en;
			hasScannedForEncodings = 0;
			knownRegions = (
				en,
				Base,
			);
			mainGroup = 820546AE286B1ED200C38B18;
			productRefGroup = 820546B8286B1ED200C38B18 /* Products */;
			projectDirPath = "";
			projectRoot = "";
			targets = (
				820546B6286B1ED200C38B18 /* FindNumbers */,
			);
		};
/* End PBXProject section */

/* Begin PBXResourcesBuildPhase section */
		820546B5286B1ED200C38B18 /* Resources */ = {
			isa = PBXResourcesBuildPhase;
			buildActionMask = 2147483647;
			files = (
				820546C7286B1ED300C38B18 /* LaunchScreen.storyboard in Resources */,
				820546C4286B1ED300C38B18 /* Assets.xcassets in Resources */,
				820546C2286B1ED200C38B18 /* Main.storyboard in Resources */,
			);
			runOnlyForDeploymentPostprocessing = 0;
		};
/* End PBXResourcesBuildPhase section */

/* Begin PBXSourcesBuildPhase section */
		820546B3286B1ED200C38B18 /* Sources */ = {
			isa = PBXSourcesBuildPhase;
			buildActionMask = 2147483647;
			files = (
				82301D29286B812C0018E9F6 /* GameViewController.swift in Sources */,
				82301D2B286B882F0018E9F6 /* Game.swift in Sources */,
				82D658952877634600814999 /* SettingsTableViewController.swift in Sources */,
				82D658992887B41700814999 /* RecordViewController.swift in Sources */,
				82D6589728776F6F00814999 /* Settings.swift in Sources */,
				820546BB286B1ED200C38B18 /* AppDelegate.swift in Sources */,
				82D658912877441500814999 /* SelectTimeViewController.swift in Sources */,
			);
			runOnlyForDeploymentPostprocessing = 0;
		};
/* End PBXSourcesBuildPhase section */

/* Begin PBXVariantGroup section */
		820546C0286B1ED200C38B18 /* Main.storyboard */ = {
			isa = PBXVariantGroup;
			children = (
				820546C1286B1ED200C38B18 /* Base */,
			);
			name = Main.storyboard;
			sourceTree = "<group>";
		};
		820546C5286B1ED300C38B18 /* LaunchScreen.storyboard */ = {
			isa = PBXVariantGroup;
			children = (
				820546C6286B1ED300C38B18 /* Base */,
			);
			name = LaunchScreen.storyboard;
			sourceTree = "<group>";
		};
/* End PBXVariantGroup section */

/* Begin XCBuildConfiguration section */
		820546C9286B1ED300C38B18 /* Debug */ = {
			isa = XCBuildConfiguration;
			buildSettings = {
				ALWAYS_SEARCH_USER_PATHS = NO;
				CLANG_ANALYZER_NONNULL = YES;
				CLANG_ANALYZER_NUMBER_OBJECT_CONVERSION = YES_AGGRESSIVE;
				CLANG_CXX_LANGUAGE_STANDARD = "gnu++17";
				CLANG_ENABLE_MODULES = YES;
				CLANG_ENABLE_OBJC_ARC = YES;
				CLANG_ENABLE_OBJC_WEAK = YES;
				CLANG_WARN_BLOCK_CAPTURE_AUTORELEASING = YES;
				CLANG_WARN_BOOL_CONVERSION = YES;
				CLANG_WARN_COMMA = YES;
				CLANG_WARN_CONSTANT_CONVERSION = YES;
				CLANG_WARN_DEPRECATED_OBJC_IMPLEMENTATIONS = YES;
				CLANG_WARN_DIRECT_OBJC_ISA_USAGE = YES_ERROR;
				CLANG_WARN_DOCUMENTATION_COMMENTS = YES;
				CLANG_WARN_EMPTY_BODY = YES;
				CLANG_WARN_ENUM_CONVERSION = YES;
				CLANG_WARN_INFINITE_RECURSION = YES;
				CLANG_WARN_INT_CONVERSION = YES;
				CLANG_WARN_NON_LITERAL_NULL_CONVERSION = YES;
				CLANG_WARN_OBJC_IMPLICIT_RETAIN_SELF = YES;
				CLANG_WARN_OBJC_LITERAL_CONVERSION = YES;
				CLANG_WARN_OBJC_ROOT_CLASS = YES_ERROR;
				CLANG_WARN_QUOTED_INCLUDE_IN_FRAMEWORK_HEADER = YES;
				CLANG_WARN_RANGE_LOOP_ANALYSIS = YES;
				CLANG_WARN_STRICT_PROTOTYPES = YES;
				CLANG_WARN_SUSPICIOUS_MOVE = YES;
				CLANG_WARN_UNGUARDED_AVAILABILITY = YES_AGGRESSIVE;
				CLANG_WARN_UNREACHABLE_CODE = YES;
				CLANG_WARN__DUPLICATE_METHOD_MATCH = YES;
				COPY_PHASE_STRIP = NO;
				DEBUG_INFORMATION_FORMAT = dwarf;
				ENABLE_STRICT_OBJC_MSGSEND = YES;
				ENABLE_TESTABILITY = YES;
				GCC_C_LANGUAGE_STANDARD = gnu11;
				GCC_DYNAMIC_NO_PIC = NO;
				GCC_NO_COMMON_BLOCKS = YES;
				GCC_OPTIMIZATION_LEVEL = 0;
				GCC_PREPROCESSOR_DEFINITIONS = (
					"DEBUG=1",
					"$(inherited)",
				);
				GCC_WARN_64_TO_32_BIT_CONVERSION = YES;
				GCC_WARN_ABOUT_RETURN_TYPE = YES_ERROR;
				GCC_WARN_UNDECLARED_SELECTOR = YES;
				GCC_WARN_UNINITIALIZED_AUTOS = YES_AGGRESSIVE;
				GCC_WARN_UNUSED_FUNCTION = YES;
				GCC_WARN_UNUSED_VARIABLE = YES;
				IPHONEOS_DEPLOYMENT_TARGET = 15.5;
				MTL_ENABLE_DEBUG_INFO = INCLUDE_SOURCE;
				MTL_FAST_MATH = YES;
				ONLY_ACTIVE_ARCH = YES;
				SDKROOT = iphoneos;
				SWIFT_ACTIVE_COMPILATION_CONDITIONS = DEBUG;
				SWIFT_OPTIMIZATION_LEVEL = "-Onone";
			};
			name = Debug;
		};
		820546CA286B1ED300C38B18 /* Release */ = {
			isa = XCBuildConfiguration;
			buildSettings = {
				ALWAYS_SEARCH_USER_PATHS = NO;
				CLANG_ANALYZER_NONNULL = YES;
				CLANG_ANALYZER_NUMBER_OBJECT_CONVERSION = YES_AGGRESSIVE;
				CLANG_CXX_LANGUAGE_STANDARD = "gnu++17";
				CLANG_ENABLE_MODULES = YES;
				CLANG_ENABLE_OBJC_ARC = YES;
				CLANG_ENABLE_OBJC_WEAK = YES;
				CLANG_WARN_BLOCK_CAPTURE_AUTORELEASING = YES;
				CLANG_WARN_BOOL_CONVERSION = YES;
				CLANG_WARN_COMMA = YES;
				CLANG_WARN_CONSTANT_CONVERSION = YES;
				CLANG_WARN_DEPRECATED_OBJC_IMPLEMENTATIONS = YES;
				CLANG_WARN_DIRECT_OBJC_ISA_USAGE = YES_ERROR;
				CLANG_WARN_DOCUMENTATION_COMMENTS = YES;
				CLANG_WARN_EMPTY_BODY = YES;
				CLANG_WARN_ENUM_CONVERSION = YES;
				CLANG_WARN_INFINITE_RECURSION = YES;
				CLANG_WARN_INT_CONVERSION = YES;
				CLANG_WARN_NON_LITERAL_NULL_CONVERSION = YES;
				CLANG_WARN_OBJC_IMPLICIT_RETAIN_SELF = YES;
				CLANG_WARN_OBJC_LITERAL_CONVERSION = YES;
				CLANG_WARN_OBJC_ROOT_CLASS = YES_ERROR;
				CLANG_WARN_QUOTED_INCLUDE_IN_FRAMEWORK_HEADER = YES;
				CLANG_WARN_RANGE_LOOP_ANALYSIS = YES;
				CLANG_WARN_STRICT_PROTOTYPES = YES;
				CLANG_WARN_SUSPICIOUS_MOVE = YES;
				CLANG_WARN_UNGUARDED_AVAILABILITY = YES_AGGRESSIVE;
				CLANG_WARN_UNREACHABLE_CODE = YES;
				CLANG_WARN__DUPLICATE_METHOD_MATCH = YES;
				COPY_PHASE_STRIP = NO;
				DEBUG_INFORMATION_FORMAT = "dwarf-with-dsym";
				ENABLE_NS_ASSERTIONS = NO;
				ENABLE_STRICT_OBJC_MSGSEND = YES;
				GCC_C_LANGUAGE_STANDARD = gnu11;
				GCC_NO_COMMON_BLOCKS = YES;
				GCC_WARN_64_TO_32_BIT_CONVERSION = YES;
				GCC_WARN_ABOUT_RETURN_TYPE = YES_ERROR;
				GCC_WARN_UNDECLARED_SELECTOR = YES;
				GCC_WARN_UNINITIALIZED_AUTOS = YES_AGGRESSIVE;
				GCC_WARN_UNUSED_FUNCTION = YES;
				GCC_WARN_UNUSED_VARIABLE = YES;
				IPHONEOS_DEPLOYMENT_TARGET = 15.5;
				MTL_ENABLE_DEBUG_INFO = NO;
				MTL_FAST_MATH = YES;
				SDKROOT = iphoneos;
				SWIFT_COMPILATION_MODE = wholemodule;
				SWIFT_OPTIMIZATION_LEVEL = "-O";
				VALIDATE_PRODUCT = YES;
			};
			name = Release;
		};
		820546CC286B1ED300C38B18 /* Debug */ = {
			isa = XCBuildConfiguration;
			buildSettings = {
				ASSETCATALOG_COMPILER_APPICON_NAME = AppIcon;
				ASSETCATALOG_COMPILER_GLOBAL_ACCENT_COLOR_NAME = AccentColor;
				CODE_SIGN_IDENTITY = "Apple Development";
				CODE_SIGN_STYLE = Automatic;
				CURRENT_PROJECT_VERSION = 1;
				DEVELOPMENT_TEAM = U393WJRX6W;
				GENERATE_INFOPLIST_FILE = YES;
				INFOPLIST_FILE = FindNumbers/Info.plist;
				INFOPLIST_KEY_UIApplicationSupportsIndirectInputEvents = YES;
				INFOPLIST_KEY_UILaunchStoryboardName = LaunchScreen;
				INFOPLIST_KEY_UIMainStoryboardFile = Main;
				INFOPLIST_KEY_UISupportedInterfaceOrientations = UIInterfaceOrientationPortrait;
				INFOPLIST_KEY_UISupportedInterfaceOrientations_iPad = "UIInterfaceOrientationPortrait UIInterfaceOrientationPortraitUpsideDown UIInterfaceOrientationLandscapeLeft UIInterfaceOrientationLandscapeRight";
				INFOPLIST_KEY_UISupportedInterfaceOrientations_iPhone = "UIInterfaceOrientationPortrait UIInterfaceOrientationLandscapeLeft UIInterfaceOrientationLandscapeRight";
				IPHONEOS_DEPLOYMENT_TARGET = 11.0;
				LD_RUNPATH_SEARCH_PATHS = (
					"$(inherited)",
					"@executable_path/Frameworks",
				);
				MARKETING_VERSION = 1.0;
				PRODUCT_BUNDLE_IDENTIFIER = "learning-swift.FindNumbers";
				PRODUCT_NAME = "$(TARGET_NAME)";
				PROVISIONING_PROFILE_SPECIFIER = "";
				SWIFT_EMIT_LOC_STRINGS = YES;
				SWIFT_VERSION = 5.0;
				TARGETED_DEVICE_FAMILY = "1,2";
			};
			name = Debug;
		};
		820546CD286B1ED300C38B18 /* Release */ = {
			isa = XCBuildConfiguration;
			buildSettings = {
				ASSETCATALOG_COMPILER_APPICON_NAME = AppIcon;
				ASSETCATALOG_COMPILER_GLOBAL_ACCENT_COLOR_NAME = AccentColor;
				CODE_SIGN_IDENTITY = "Apple Development";
				CODE_SIGN_STYLE = Automatic;
				CURRENT_PROJECT_VERSION = 1;
				DEVELOPMENT_TEAM = U393WJRX6W;
				GENERATE_INFOPLIST_FILE = YES;
				INFOPLIST_FILE = FindNumbers/Info.plist;
				INFOPLIST_KEY_UIApplicationSupportsIndirectInputEvents = YES;
				INFOPLIST_KEY_UILaunchStoryboardName = LaunchScreen;
				INFOPLIST_KEY_UIMainStoryboardFile = Main;
				INFOPLIST_KEY_UISupportedInterfaceOrientations = UIInterfaceOrientationPortrait;
				INFOPLIST_KEY_UISupportedInterfaceOrientations_iPad = "UIInterfaceOrientationPortrait UIInterfaceOrientationPortraitUpsideDown UIInterfaceOrientationLandscapeLeft UIInterfaceOrientationLandscapeRight";
				INFOPLIST_KEY_UISupportedInterfaceOrientations_iPhone = "UIInterfaceOrientationPortrait UIInterfaceOrientationLandscapeLeft UIInterfaceOrientationLandscapeRight";
				IPHONEOS_DEPLOYMENT_TARGET = 11.0;
				LD_RUNPATH_SEARCH_PATHS = (
					"$(inherited)",
					"@executable_path/Frameworks",
				);
				MARKETING_VERSION = 1.0;
				PRODUCT_BUNDLE_IDENTIFIER = "learning-swift.FindNumbers";
				PRODUCT_NAME = "$(TARGET_NAME)";
				PROVISIONING_PROFILE_SPECIFIER = "";
				SWIFT_EMIT_LOC_STRINGS = YES;
				SWIFT_VERSION = 5.0;
				TARGETED_DEVICE_FAMILY = "1,2";
			};
			name = Release;
		};
/* End XCBuildConfiguration section */

/* Begin XCConfigurationList section */
		820546B2286B1ED200C38B18 /* Build configuration list for PBXProject "FindNumbers" */ = {
			isa = XCConfigurationList;
			buildConfigurations = (
				820546C9286B1ED300C38B18 /* Debug */,
				820546CA286B1ED300C38B18 /* Release */,
			);
			defaultConfigurationIsVisible = 0;
			defaultConfigurationName = Release;
		};
		820546CB286B1ED300C38B18 /* Build configuration list for PBXNativeTarget "FindNumbers" */ = {
			isa = XCConfigurationList;
			buildConfigurations = (
				820546CC286B1ED300C38B18 /* Debug */,
				820546CD286B1ED300C38B18 /* Release */,
			);
			defaultConfigurationIsVisible = 0;
			defaultConfigurationName = Release;
		};
/* End XCConfigurationList section */
	};
	rootObject = 820546AF286B1ED200C38B18 /* Project object */;
}
